
Microsoft Visual Studio Solution File, Format Version 12.00
# Visual Studio 14
VisualStudioVersion = 14.0.25420.1
MinimumVisualStudioVersion = 10.0.40219.1
Project("{FAE04EC0-301F-11D3-BF4B-00C04F79EFBC}") = "Remont", "Remont\Remont.csproj", "{7E15C700-8664-4C5D-9457-A1C325E37145}"
EndProject
Project("{FAE04EC0-301F-11D3-BF4B-00C04F79EFBC}") = "RemontTest", "UnitTestProject1\RemontTest.csproj", "{CD99CB9F-45BE-4A12-A0CD-98A4D3B2117F}"
EndProject
Project("{FAE04EC0-301F-11D3-BF4B-00C04F79EFBC}") = "Remont.UI", "Remont.UI\Remont.UI.csproj", "{C1979807-1798-42CB-B4C1-9A0B7F2E4044}"
EndProject
Project("{FAE04EC0-301F-11D3-BF4B-00C04F79EFBC}") = "RemontWeb", "RemontWeb\RemontWeb.csproj", "{515AA07C-56E7-4E3C-BAD3-7F2748091CFC}"
EndProject
Global
	GlobalSection(SolutionConfigurationPlatforms) = preSolution
		Debug|Any CPU = Debug|Any CPU
		Release|Any CPU = Release|Any CPU
	EndGlobalSection
	GlobalSection(ProjectConfigurationPlatforms) = postSolution
		{7E15C700-8664-4C5D-9457-A1C325E37145}.Debug|Any CPU.ActiveCfg = Debug|Any CPU
		{7E15C700-8664-4C5D-9457-A1C325E37145}.Debug|Any CPU.Build.0 = Debug|Any CPU
		{7E15C700-8664-4C5D-9457-A1C325E37145}.Release|Any CPU.ActiveCfg = Release|Any CPU
		{7E15C700-8664-4C5D-9457-A1C325E37145}.Release|Any CPU.Build.0 = Release|Any CPU
		{CD99CB9F-45BE-4A12-A0CD-98A4D3B2117F}.Debug|Any CPU.ActiveCfg = Debug|Any CPU
		{CD99CB9F-45BE-4A12-A0CD-98A4D3B2117F}.Debug|Any CPU.Build.0 = Debug|Any CPU
		{CD99CB9F-45BE-4A12-A0CD-98A4D3B2117F}.Release|Any CPU.ActiveCfg = Release|Any CPU
		{CD99CB9F-45BE-4A12-A0CD-98A4D3B2117F}.Release|Any CPU.Build.0 = Release|Any CPU
		{C1979807-1798-42CB-B4C1-9A0B7F2E4044}.Debug|Any CPU.ActiveCfg = Debug|Any CPU
		{C1979807-1798-42CB-B4C1-9A0B7F2E4044}.Debug|Any CPU.Build.0 = Debug|Any CPU
		{C1979807-1798-42CB-B4C1-9A0B7F2E4044}.Release|Any CPU.ActiveCfg = Release|Any CPU
		{C1979807-1798-42CB-B4C1-9A0B7F2E4044}.Release|Any CPU.Build.0 = Release|Any CPU
		{515AA07C-56E7-4E3C-BAD3-7F2748091CFC}.Debug|Any CPU.ActiveCfg = Debug|Any CPU
		{515AA07C-56E7-4E3C-BAD3-7F2748091CFC}.Debug|Any CPU.Build.0 = Debug|Any CPU
		{515AA07C-56E7-4E3C-BAD3-7F2748091CFC}.Release|Any CPU.ActiveCfg = Release|Any CPU
		{515AA07C-56E7-4E3C-BAD3-7F2748091CFC}.Release|Any CPU.Build.0 = Release|Any CPU
	EndGlobalSection
	GlobalSection(SolutionProperties) = preSolution
		HideSolutionNode = FALSE
	EndGlobalSection
EndGlobal
